
Microsoft Visual Studio Solution File, Format Version 12.00
Project("{FAE04EC0-301F-11D3-BF4B-00C04F79EFBC}") = "Mindbox", "Mindbox\Mindbox.csproj", "{642741DA-EB39-47A8-B38B-8D7CAF288776}"
EndProject
Project("{2150E333-8FDC-42A3-9474-1A3956D46DE8}") = "src", "src", "{6551D2D5-CD80-45D4-AA2C-6EE28B2738B2}"
EndProject
Project("{FAE04EC0-301F-11D3-BF4B-00C04F79EFBC}") = "MindboxGeometry", "MindboxGeometry\MindboxGeometry.csproj", "{3824EC77-CC25-47BC-88E8-E311849515F1}"
EndProject
Project("{2150E333-8FDC-42A3-9474-1A3956D46DE8}") = "tests", "tests", "{68D2BF59-B37F-42CC-A5DC-7F590AF9B25F}"
EndProject
Project("{FAE04EC0-301F-11D3-BF4B-00C04F79EFBC}") = "MindboxTest", "MindboxTest\MindboxTest.csproj", "{65AA4BC7-3A9B-401B-8BE1-73189AE3B9FB}"
EndProject
Global
	GlobalSection(SolutionConfigurationPlatforms) = preSolution
		Debug|Any CPU = Debug|Any CPU
		Release|Any CPU = Release|Any CPU
	EndGlobalSection
	GlobalSection(ProjectConfigurationPlatforms) = postSolution
		{642741DA-EB39-47A8-B38B-8D7CAF288776}.Debug|Any CPU.ActiveCfg = Debug|Any CPU
		{642741DA-EB39-47A8-B38B-8D7CAF288776}.Debug|Any CPU.Build.0 = Debug|Any CPU
		{642741DA-EB39-47A8-B38B-8D7CAF288776}.Release|Any CPU.ActiveCfg = Release|Any CPU
		{642741DA-EB39-47A8-B38B-8D7CAF288776}.Release|Any CPU.Build.0 = Release|Any CPU
		{3824EC77-CC25-47BC-88E8-E311849515F1}.Debug|Any CPU.ActiveCfg = Debug|Any CPU
		{3824EC77-CC25-47BC-88E8-E311849515F1}.Debug|Any CPU.Build.0 = Debug|Any CPU
		{3824EC77-CC25-47BC-88E8-E311849515F1}.Release|Any CPU.ActiveCfg = Release|Any CPU
		{3824EC77-CC25-47BC-88E8-E311849515F1}.Release|Any CPU.Build.0 = Release|Any CPU
		{65AA4BC7-3A9B-401B-8BE1-73189AE3B9FB}.Debug|Any CPU.ActiveCfg = Debug|Any CPU
		{65AA4BC7-3A9B-401B-8BE1-73189AE3B9FB}.Debug|Any CPU.Build.0 = Debug|Any CPU
		{65AA4BC7-3A9B-401B-8BE1-73189AE3B9FB}.Release|Any CPU.ActiveCfg = Release|Any CPU
		{65AA4BC7-3A9B-401B-8BE1-73189AE3B9FB}.Release|Any CPU.Build.0 = Release|Any CPU
	EndGlobalSection
	GlobalSection(NestedProjects) = preSolution
		{642741DA-EB39-47A8-B38B-8D7CAF288776} = {6551D2D5-CD80-45D4-AA2C-6EE28B2738B2}
		{3824EC77-CC25-47BC-88E8-E311849515F1} = {6551D2D5-CD80-45D4-AA2C-6EE28B2738B2}
		{65AA4BC7-3A9B-401B-8BE1-73189AE3B9FB} = {68D2BF59-B37F-42CC-A5DC-7F590AF9B25F}
	EndGlobalSection
EndGlobal
